// !$*UTF8*$!
{
	archiveVersion = 1;
	classes = {
	};
	objectVersion = 56;
	objects = {

/* Begin PBXBuildFile section */
		C7979C2A2ACD6D84008A1ED7 /* swiftToDoApp.swift in Sources */ = {isa = PBXBuildFile; fileRef = C7979C292ACD6D84008A1ED7 /* swiftToDoApp.swift */; };
		C7979C2C2ACD6D84008A1ED7 /* ContentView.swift in Sources */ = {isa = PBXBuildFile; fileRef = C7979C2B2ACD6D84008A1ED7 /* ContentView.swift */; };
		C7979C2E2ACD6D85008A1ED7 /* Assets.xcassets in Resources */ = {isa = PBXBuildFile; fileRef = C7979C2D2ACD6D85008A1ED7 /* Assets.xcassets */; };
		C7979C312ACD6D85008A1ED7 /* Preview Assets.xcassets in Resources */ = {isa = PBXBuildFile; fileRef = C7979C302ACD6D85008A1ED7 /* Preview Assets.xcassets */; };
		C7979C3B2ACD6D86008A1ED7 /* swiftToDoTests.swift in Sources */ = {isa = PBXBuildFile; fileRef = C7979C3A2ACD6D86008A1ED7 /* swiftToDoTests.swift */; };
		C7979C452ACD6D86008A1ED7 /* swiftToDoUITests.swift in Sources */ = {isa = PBXBuildFile; fileRef = C7979C442ACD6D86008A1ED7 /* swiftToDoUITests.swift */; };
		C7979C472ACD6D86008A1ED7 /* swiftToDoUITestsLaunchTests.swift in Sources */ = {isa = PBXBuildFile; fileRef = C7979C462ACD6D86008A1ED7 /* swiftToDoUITestsLaunchTests.swift */; };
/* End PBXBuildFile section */

/* Begin PBXContainerItemProxy section */
		C7979C372ACD6D86008A1ED7 /* PBXContainerItemProxy */ = {
			isa = PBXContainerItemProxy;
			containerPortal = C7979C1E2ACD6D84008A1ED7 /* Project object */;
			proxyType = 1;
			remoteGlobalIDString = C7979C252ACD6D84008A1ED7;
			remoteInfo = swiftToDo;
		};
		C7979C412ACD6D86008A1ED7 /* PBXContainerItemProxy */ = {
			isa = PBXContainerItemProxy;
			containerPortal = C7979C1E2ACD6D84008A1ED7 /* Project object */;
			proxyType = 1;
			remoteGlobalIDString = C7979C252ACD6D84008A1ED7;
			remoteInfo = swiftToDo;
		};
/* End PBXContainerItemProxy section */

/* Begin PBXFileReference section */
		C7979C262ACD6D84008A1ED7 /* swiftToDo.app */ = {isa = PBXFileReference; explicitFileType = wrapper.application; includeInIndex = 0; path = swiftToDo.app; sourceTree = BUILT_PRODUCTS_DIR; };
		C7979C292ACD6D84008A1ED7 /* swiftToDoApp.swift */ = {isa = PBXFileReference; lastKnownFileType = sourcecode.swift; path = swiftToDoApp.swift; sourceTree = "<group>"; };
		C7979C2B2ACD6D84008A1ED7 /* ContentView.swift */ = {isa = PBXFileReference; lastKnownFileType = sourcecode.swift; path = ContentView.swift; sourceTree = "<group>"; };
		C7979C2D2ACD6D85008A1ED7 /* Assets.xcassets */ = {isa = PBXFileReference; lastKnownFileType = folder.assetcatalog; path = Assets.xcassets; sourceTree = "<group>"; };
		C7979C302ACD6D85008A1ED7 /* Preview Assets.xcassets */ = {isa = PBXFileReference; lastKnownFileType = folder.assetcatalog; path = "Preview Assets.xcassets"; sourceTree = "<group>"; };
		C7979C362ACD6D86008A1ED7 /* swiftToDoTests.xctest */ = {isa = PBXFileReference; explicitFileType = wrapper.cfbundle; includeInIndex = 0; path = swiftToDoTests.xctest; sourceTree = BUILT_PRODUCTS_DIR; };
		C7979C3A2ACD6D86008A1ED7 /* swiftToDoTests.swift */ = {isa = PBXFileReference; lastKnownFileType = sourcecode.swift; path = swiftToDoTests.swift; sourceTree = "<group>"; };
		C7979C402ACD6D86008A1ED7 /* swiftToDoUITests.xctest */ = {isa = PBXFileReference; explicitFileType = wrapper.cfbundle; includeInIndex = 0; path = swiftToDoUITests.xctest; sourceTree = BUILT_PRODUCTS_DIR; };
		C7979C442ACD6D86008A1ED7 /* swiftToDoUITests.swift */ = {isa = PBXFileReference; lastKnownFileType = sourcecode.swift; path = swiftToDoUITests.swift; sourceTree = "<group>"; };
		C7979C462ACD6D86008A1ED7 /* swiftToDoUITestsLaunchTests.swift */ = {isa = PBXFileReference; lastKnownFileType = sourcecode.swift; path = swiftToDoUITestsLaunchTests.swift; sourceTree = "<group>"; };
/* End PBXFileReference section */

/* Begin PBXFrameworksBuildPhase section */
		C7979C232ACD6D84008A1ED7 /* Frameworks */ = {
			isa = PBXFrameworksBuildPhase;
			buildActionMask = 2147483647;
			files = (
			);
			runOnlyForDeploymentPostprocessing = 0;
		};
		C7979C332ACD6D86008A1ED7 /* Frameworks */ = {
			isa = PBXFrameworksBuildPhase;
			buildActionMask = 2147483647;
			files = (
			);
			runOnlyForDeploymentPostprocessing = 0;
		};
		C7979C3D2ACD6D86008A1ED7 /* Frameworks */ = {
			isa = PBXFrameworksBuildPhase;
			buildActionMask = 2147483647;
			files = (
			);
			runOnlyForDeploymentPostprocessing = 0;
		};
/* End PBXFrameworksBuildPhase section */

/* Begin PBXGroup section */
		C7979C1D2ACD6D84008A1ED7 = {
			isa = PBXGroup;
			children = (
				C7979C282ACD6D84008A1ED7 /* swiftToDo */,
				C7979C392ACD6D86008A1ED7 /* swiftToDoTests */,
				C7979C432ACD6D86008A1ED7 /* swiftToDoUITests */,
				C7979C272ACD6D84008A1ED7 /* Products */,
			);
			sourceTree = "<group>";
		};
		C7979C272ACD6D84008A1ED7 /* Products */ = {
			isa = PBXGroup;
			children = (
				C7979C262ACD6D84008A1ED7 /* swiftToDo.app */,
				C7979C362ACD6D86008A1ED7 /* swiftToDoTests.xctest */,
				C7979C402ACD6D86008A1ED7 /* swiftToDoUITests.xctest */,
			);
			name = Products;
			sourceTree = "<group>";
		};
		C7979C282ACD6D84008A1ED7 /* swiftToDo */ = {
			isa = PBXGroup;
			children = (
				C7979C292ACD6D84008A1ED7 /* swiftToDoApp.swift */,
				C7979C2B2ACD6D84008A1ED7 /* ContentView.swift */,
				C7979C2D2ACD6D85008A1ED7 /* Assets.xcassets */,
				C7979C2F2ACD6D85008A1ED7 /* Preview Content */,
			);
			path = swiftToDo;
			sourceTree = "<group>";
		};
		C7979C2F2ACD6D85008A1ED7 /* Preview Content */ = {
			isa = PBXGroup;
			children = (
				C7979C302ACD6D85008A1ED7 /* Preview Assets.xcassets */,
			);
			path = "Preview Content";
			sourceTree = "<group>";
		};
		C7979C392ACD6D86008A1ED7 /* swiftToDoTests */ = {
			isa = PBXGroup;
			children = (
				C7979C3A2ACD6D86008A1ED7 /* swiftToDoTests.swift */,
			);
			path = swiftToDoTests;
			sourceTree = "<group>";
		};
		C7979C432ACD6D86008A1ED7 /* swiftToDoUITests */ = {
			isa = PBXGroup;
			children = (
				C7979C442ACD6D86008A1ED7 /* swiftToDoUITests.swift */,
				C7979C462ACD6D86008A1ED7 /* swiftToDoUITestsLaunchTests.swift */,
			);
			path = swiftToDoUITests;
			sourceTree = "<group>";
		};
/* End PBXGroup section */

/* Begin PBXNativeTarget section */
		C7979C252ACD6D84008A1ED7 /* swiftToDo */ = {
			isa = PBXNativeTarget;
			buildConfigurationList = C7979C4A2ACD6D86008A1ED7 /* Build configuration list for PBXNativeTarget "swiftToDo" */;
			buildPhases = (
				C7979C222ACD6D84008A1ED7 /* Sources */,
				C7979C232ACD6D84008A1ED7 /* Frameworks */,
				C7979C242ACD6D84008A1ED7 /* Resources */,
			);
			buildRules = (
			);
			dependencies = (
			);
			name = swiftToDo;
			productName = swiftToDo;
			productReference = C7979C262ACD6D84008A1ED7 /* swiftToDo.app */;
			productType = "com.apple.product-type.application";
		};
		C7979C352ACD6D86008A1ED7 /* swiftToDoTests */ = {
			isa = PBXNativeTarget;
			buildConfigurationList = C7979C4D2ACD6D86008A1ED7 /* Build configuration list for PBXNativeTarget "swiftToDoTests" */;
			buildPhases = (
				C7979C322ACD6D86008A1ED7 /* Sources */,
				C7979C332ACD6D86008A1ED7 /* Frameworks */,
				C7979C342ACD6D86008A1ED7 /* Resources */,
			);
			buildRules = (
			);
			dependencies = (
				C7979C382ACD6D86008A1ED7 /* PBXTargetDependency */,
			);
			name = swiftToDoTests;
			productName = swiftToDoTests;
			productReference = C7979C362ACD6D86008A1ED7 /* swiftToDoTests.xctest */;
			productType = "com.apple.product-type.bundle.unit-test";
		};
		C7979C3F2ACD6D86008A1ED7 /* swiftToDoUITests */ = {
			isa = PBXNativeTarget;
			buildConfigurationList = C7979C502ACD6D86008A1ED7 /* Build configuration list for PBXNativeTarget "swiftToDoUITests" */;
			buildPhases = (
				C7979C3C2ACD6D86008A1ED7 /* Sources */,
				C7979C3D2ACD6D86008A1ED7 /* Frameworks */,
				C7979C3E2ACD6D86008A1ED7 /* Resources */,
			);
			buildRules = (
			);
			dependencies = (
				C7979C422ACD6D86008A1ED7 /* PBXTargetDependency */,
			);
			name = swiftToDoUITests;
			productName = swiftToDoUITests;
			productReference = C7979C402ACD6D86008A1ED7 /* swiftToDoUITests.xctest */;
			productType = "com.apple.product-type.bundle.ui-testing";
		};
/* End PBXNativeTarget section */

/* Begin PBXProject section */
		C7979C1E2ACD6D84008A1ED7 /* Project object */ = {
			isa = PBXProject;
			attributes = {
				BuildIndependentTargetsInParallel = 1;
				LastSwiftUpdateCheck = 1430;
				LastUpgradeCheck = 1430;
				TargetAttributes = {
					C7979C252ACD6D84008A1ED7 = {
						CreatedOnToolsVersion = 14.3.1;
					};
					C7979C352ACD6D86008A1ED7 = {
						CreatedOnToolsVersion = 14.3.1;
						TestTargetID = C7979C252ACD6D84008A1ED7;
					};
					C7979C3F2ACD6D86008A1ED7 = {
						CreatedOnToolsVersion = 14.3.1;
						TestTargetID = C7979C252ACD6D84008A1ED7;
					};
				};
			};
			buildConfigurationList = C7979C212ACD6D84008A1ED7 /* Build configuration list for PBXProject "swiftToDo" */;
			compatibilityVersion = "Xcode 14.0";
			developmentRegion = en;
			hasScannedForEncodings = 0;
			knownRegions = (
				en,
				Base,
			);
			mainGroup = C7979C1D2ACD6D84008A1ED7;
			productRefGroup = C7979C272ACD6D84008A1ED7 /* Products */;
			projectDirPath = "";
			projectRoot = "";
			targets = (
				C7979C252ACD6D84008A1ED7 /* swiftToDo */,
				C7979C352ACD6D86008A1ED7 /* swiftToDoTests */,
				C7979C3F2ACD6D86008A1ED7 /* swiftToDoUITests */,
			);
		};
/* End PBXProject section */

/* Begin PBXResourcesBuildPhase section */
		C7979C242ACD6D84008A1ED7 /* Resources */ = {
			isa = PBXResourcesBuildPhase;
			buildActionMask = 2147483647;
			files = (
				C7979C312ACD6D85008A1ED7 /* Preview Assets.xcassets in Resources */,
				C7979C2E2ACD6D85008A1ED7 /* Assets.xcassets in Resources */,
			);
			runOnlyForDeploymentPostprocessing = 0;
		};
		C7979C342ACD6D86008A1ED7 /* Resources */ = {
			isa = PBXResourcesBuildPhase;
			buildActionMask = 2147483647;
			files = (
			);
			runOnlyForDeploymentPostprocessing = 0;
		};
		C7979C3E2ACD6D86008A1ED7 /* Resources */ = {
			isa = PBXResourcesBuildPhase;
			buildActionMask = 2147483647;
			files = (
			);
			runOnlyForDeploymentPostprocessing = 0;
		};
/* End PBXResourcesBuildPhase section */

/* Begin PBXSourcesBuildPhase section */
		C7979C222ACD6D84008A1ED7 /* Sources */ = {
			isa = PBXSourcesBuildPhase;
			buildActionMask = 2147483647;
			files = (
				C7979C2C2ACD6D84008A1ED7 /* ContentView.swift in Sources */,
				C7979C2A2ACD6D84008A1ED7 /* swiftToDoApp.swift in Sources */,
			);
			runOnlyForDeploymentPostprocessing = 0;
		};
		C7979C322ACD6D86008A1ED7 /* Sources */ = {
			isa = PBXSourcesBuildPhase;
			buildActionMask = 2147483647;
			files = (
				C7979C3B2ACD6D86008A1ED7 /* swiftToDoTests.swift in Sources */,
			);
			runOnlyForDeploymentPostprocessing = 0;
		};
		C7979C3C2ACD6D86008A1ED7 /* Sources */ = {
			isa = PBXSourcesBuildPhase;
			buildActionMask = 2147483647;
			files = (
				C7979C472ACD6D86008A1ED7 /* swiftToDoUITestsLaunchTests.swift in Sources */,
				C7979C452ACD6D86008A1ED7 /* swiftToDoUITests.swift in Sources */,
			);
			runOnlyForDeploymentPostprocessing = 0;
		};
/* End PBXSourcesBuildPhase section */

/* Begin PBXTargetDependency section */
		C7979C382ACD6D86008A1ED7 /* PBXTargetDependency */ = {
			isa = PBXTargetDependency;
			target = C7979C252ACD6D84008A1ED7 /* swiftToDo */;
			targetProxy = C7979C372ACD6D86008A1ED7 /* PBXContainerItemProxy */;
		};
		C7979C422ACD6D86008A1ED7 /* PBXTargetDependency */ = {
			isa = PBXTargetDependency;
			target = C7979C252ACD6D84008A1ED7 /* swiftToDo */;
			targetProxy = C7979C412ACD6D86008A1ED7 /* PBXContainerItemProxy */;
		};
/* End PBXTargetDependency section */

/* Begin XCBuildConfiguration section */
		C7979C482ACD6D86008A1ED7 /* Debug */ = {
			isa = XCBuildConfiguration;
			buildSettings = {
				ALWAYS_SEARCH_USER_PATHS = NO;
				CLANG_ANALYZER_NONNULL = YES;
				CLANG_ANALYZER_NUMBER_OBJECT_CONVERSION = YES_AGGRESSIVE;
				CLANG_CXX_LANGUAGE_STANDARD = "gnu++20";
				CLANG_ENABLE_MODULES = YES;
				CLANG_ENABLE_OBJC_ARC = YES;
				CLANG_ENABLE_OBJC_WEAK = YES;
				CLANG_WARN_BLOCK_CAPTURE_AUTORELEASING = YES;
				CLANG_WARN_BOOL_CONVERSION = YES;
				CLANG_WARN_COMMA = YES;
				CLANG_WARN_CONSTANT_CONVERSION = YES;
				CLANG_WARN_DEPRECATED_OBJC_IMPLEMENTATIONS = YES;
				CLANG_WARN_DIRECT_OBJC_ISA_USAGE = YES_ERROR;
				CLANG_WARN_DOCUMENTATION_COMMENTS = YES;
				CLANG_WARN_EMPTY_BODY = YES;
				CLANG_WARN_ENUM_CONVERSION = YES;
				CLANG_WARN_INFINITE_RECURSION = YES;
				CLANG_WARN_INT_CONVERSION = YES;
				CLANG_WARN_NON_LITERAL_NULL_CONVERSION = YES;
				CLANG_WARN_OBJC_IMPLICIT_RETAIN_SELF = YES;
				CLANG_WARN_OBJC_LITERAL_CONVERSION = YES;
				CLANG_WARN_OBJC_ROOT_CLASS = YES_ERROR;
				CLANG_WARN_QUOTED_INCLUDE_IN_FRAMEWORK_HEADER = YES;
				CLANG_WARN_RANGE_LOOP_ANALYSIS = YES;
				CLANG_WARN_STRICT_PROTOTYPES = YES;
				CLANG_WARN_SUSPICIOUS_MOVE = YES;
				CLANG_WARN_UNGUARDED_AVAILABILITY = YES_AGGRESSIVE;
				CLANG_WARN_UNREACHABLE_CODE = YES;
				CLANG_WARN__DUPLICATE_METHOD_MATCH = YES;
				COPY_PHASE_STRIP = NO;
				DEBUG_INFORMATION_FORMAT = dwarf;
				ENABLE_STRICT_OBJC_MSGSEND = YES;
				ENABLE_TESTABILITY = YES;
				GCC_C_LANGUAGE_STANDARD = gnu11;
				GCC_DYNAMIC_NO_PIC = NO;
				GCC_NO_COMMON_BLOCKS = YES;
				GCC_OPTIMIZATION_LEVEL = 0;
				GCC_PREPROCESSOR_DEFINITIONS = (
					"DEBUG=1",
					"$(inherited)",
				);
				GCC_WARN_64_TO_32_BIT_CONVERSION = YES;
				GCC_WARN_ABOUT_RETURN_TYPE = YES_ERROR;
				GCC_WARN_UNDECLARED_SELECTOR = YES;
				GCC_WARN_UNINITIALIZED_AUTOS = YES_AGGRESSIVE;
				GCC_WARN_UNUSED_FUNCTION = YES;
				GCC_WARN_UNUSED_VARIABLE = YES;
				IPHONEOS_DEPLOYMENT_TARGET = 16.4;
				MTL_ENABLE_DEBUG_INFO = INCLUDE_SOURCE;
				MTL_FAST_MATH = YES;
				ONLY_ACTIVE_ARCH = YES;
				SDKROOT = iphoneos;
				SWIFT_ACTIVE_COMPILATION_CONDITIONS = DEBUG;
				SWIFT_OPTIMIZATION_LEVEL = "-Onone";
			};
			name = Debug;
		};
		C7979C492ACD6D86008A1ED7 /* Release */ = {
			isa = XCBuildConfiguration;
			buildSettings = {
				ALWAYS_SEARCH_USER_PATHS = NO;
				CLANG_ANALYZER_NONNULL = YES;
				CLANG_ANALYZER_NUMBER_OBJECT_CONVERSION = YES_AGGRESSIVE;
				CLANG_CXX_LANGUAGE_STANDARD = "gnu++20";
				CLANG_ENABLE_MODULES = YES;
				CLANG_ENABLE_OBJC_ARC = YES;
				CLANG_ENABLE_OBJC_WEAK = YES;
				CLANG_WARN_BLOCK_CAPTURE_AUTORELEASING = YES;
				CLANG_WARN_BOOL_CONVERSION = YES;
				CLANG_WARN_COMMA = YES;
				CLANG_WARN_CONSTANT_CONVERSION = YES;
				CLANG_WARN_DEPRECATED_OBJC_IMPLEMENTATIONS = YES;
				CLANG_WARN_DIRECT_OBJC_ISA_USAGE = YES_ERROR;
				CLANG_WARN_DOCUMENTATION_COMMENTS = YES;
				CLANG_WARN_EMPTY_BODY = YES;
				CLANG_WARN_ENUM_CONVERSION = YES;
				CLANG_WARN_INFINITE_RECURSION = YES;
				CLANG_WARN_INT_CONVERSION = YES;
				CLANG_WARN_NON_LITERAL_NULL_CONVERSION = YES;
				CLANG_WARN_OBJC_IMPLICIT_RETAIN_SELF = YES;
				CLANG_WARN_OBJC_LITERAL_CONVERSION = YES;
				CLANG_WARN_OBJC_ROOT_CLASS = YES_ERROR;
				CLANG_WARN_QUOTED_INCLUDE_IN_FRAMEWORK_HEADER = YES;
				CLANG_WARN_RANGE_LOOP_ANALYSIS = YES;
				CLANG_WARN_STRICT_PROTOTYPES = YES;
				CLANG_WARN_SUSPICIOUS_MOVE = YES;
				CLANG_WARN_UNGUARDED_AVAILABILITY = YES_AGGRESSIVE;
				CLANG_WARN_UNREACHABLE_CODE = YES;
				CLANG_WARN__DUPLICATE_METHOD_MATCH = YES;
				COPY_PHASE_STRIP = NO;
				DEBUG_INFORMATION_FORMAT = "dwarf-with-dsym";
				ENABLE_NS_ASSERTIONS = NO;
				ENABLE_STRICT_OBJC_MSGSEND = YES;
				GCC_C_LANGUAGE_STANDARD = gnu11;
				GCC_NO_COMMON_BLOCKS = YES;
				GCC_WARN_64_TO_32_BIT_CONVERSION = YES;
				GCC_WARN_ABOUT_RETURN_TYPE = YES_ERROR;
				GCC_WARN_UNDECLARED_SELECTOR = YES;
				GCC_WARN_UNINITIALIZED_AUTOS = YES_AGGRESSIVE;
				GCC_WARN_UNUSED_FUNCTION = YES;
				GCC_WARN_UNUSED_VARIABLE = YES;
				IPHONEOS_DEPLOYMENT_TARGET = 16.4;
				MTL_ENABLE_DEBUG_INFO = NO;
				MTL_FAST_MATH = YES;
				SDKROOT = iphoneos;
				SWIFT_COMPILATION_MODE = wholemodule;
				SWIFT_OPTIMIZATION_LEVEL = "-O";
				VALIDATE_PRODUCT = YES;
			};
			name = Release;
		};
		C7979C4B2ACD6D86008A1ED7 /* Debug */ = {
			isa = XCBuildConfiguration;
			buildSettings = {
				ASSETCATALOG_COMPILER_APPICON_NAME = AppIcon;
				ASSETCATALOG_COMPILER_GLOBAL_ACCENT_COLOR_NAME = AccentColor;
				CODE_SIGN_STYLE = Automatic;
				CURRENT_PROJECT_VERSION = 1;
				DEVELOPMENT_ASSET_PATHS = "\"swiftToDo/Preview Content\"";
				ENABLE_PREVIEWS = YES;
				GENERATE_INFOPLIST_FILE = YES;
				INFOPLIST_KEY_UIApplicationSceneManifest_Generation = YES;
				INFOPLIST_KEY_UIApplicationSupportsIndirectInputEvents = YES;
				INFOPLIST_KEY_UILaunchScreen_Generation = YES;
				INFOPLIST_KEY_UISupportedInterfaceOrientations_iPad = "UIInterfaceOrientationPortrait UIInterfaceOrientationPortraitUpsideDown UIInterfaceOrientationLandscapeLeft UIInterfaceOrientationLandscapeRight";
				INFOPLIST_KEY_UISupportedInterfaceOrientations_iPhone = "UIInterfaceOrientationPortrait UIInterfaceOrientationLandscapeLeft UIInterfaceOrientationLandscapeRight";
				LD_RUNPATH_SEARCH_PATHS = (
					"$(inherited)",
					"@executable_path/Frameworks",
				);
				MARKETING_VERSION = 1.0;
				PRODUCT_BUNDLE_IDENTIFIER = makers.swiftToDo;
				PRODUCT_NAME = "$(TARGET_NAME)";
				SWIFT_EMIT_LOC_STRINGS = YES;
				SWIFT_VERSION = 5.0;
				TARGETED_DEVICE_FAMILY = "1,2";
			};
			name = Debug;
		};
		C7979C4C2ACD6D86008A1ED7 /* Release */ = {
			isa = XCBuildConfiguration;
			buildSettings = {
				ASSETCATALOG_COMPILER_APPICON_NAME = AppIcon;
				ASSETCATALOG_COMPILER_GLOBAL_ACCENT_COLOR_NAME = AccentColor;
				CODE_SIGN_STYLE = Automatic;
				CURRENT_PROJECT_VERSION = 1;
				DEVELOPMENT_ASSET_PATHS = "\"swiftToDo/Preview Content\"";
				ENABLE_PREVIEWS = YES;
				GENERATE_INFOPLIST_FILE = YES;
				INFOPLIST_KEY_UIApplicationSceneManifest_Generation = YES;
				INFOPLIST_KEY_UIApplicationSupportsIndirectInputEvents = YES;
				INFOPLIST_KEY_UILaunchScreen_Generation = YES;
				INFOPLIST_KEY_UISupportedInterfaceOrientations_iPad = "UIInterfaceOrientationPortrait UIInterfaceOrientationPortraitUpsideDown UIInterfaceOrientationLandscapeLeft UIInterfaceOrientationLandscapeRight";
				INFOPLIST_KEY_UISupportedInterfaceOrientations_iPhone = "UIInterfaceOrientationPortrait UIInterfaceOrientationLandscapeLeft UIInterfaceOrientationLandscapeRight";
				LD_RUNPATH_SEARCH_PATHS = (
					"$(inherited)",
					"@executable_path/Frameworks",
				);
				MARKETING_VERSION = 1.0;
				PRODUCT_BUNDLE_IDENTIFIER = makers.swiftToDo;
				PRODUCT_NAME = "$(TARGET_NAME)";
				SWIFT_EMIT_LOC_STRINGS = YES;
				SWIFT_VERSION = 5.0;
				TARGETED_DEVICE_FAMILY = "1,2";
			};
			name = Release;
		};
		C7979C4E2ACD6D86008A1ED7 /* Debug */ = {
			isa = XCBuildConfiguration;
			buildSettings = {
				ALWAYS_EMBED_SWIFT_STANDARD_LIBRARIES = YES;
				BUNDLE_LOADER = "$(TEST_HOST)";
				CODE_SIGN_STYLE = Automatic;
				CURRENT_PROJECT_VERSION = 1;
				GENERATE_INFOPLIST_FILE = YES;
				IPHONEOS_DEPLOYMENT_TARGET = 16.4;
				MARKETING_VERSION = 1.0;
				PRODUCT_BUNDLE_IDENTIFIER = makers.swiftToDoTests;
				PRODUCT_NAME = "$(TARGET_NAME)";
				SWIFT_EMIT_LOC_STRINGS = NO;
				SWIFT_VERSION = 5.0;
				TARGETED_DEVICE_FAMILY = "1,2";
				TEST_HOST = "$(BUILT_PRODUCTS_DIR)/swiftToDo.app/$(BUNDLE_EXECUTABLE_FOLDER_PATH)/swiftToDo";
			};
			name = Debug;
		};
		C7979C4F2ACD6D86008A1ED7 /* Release */ = {
			isa = XCBuildConfiguration;
			buildSettings = {
				ALWAYS_EMBED_SWIFT_STANDARD_LIBRARIES = YES;
				BUNDLE_LOADER = "$(TEST_HOST)";
				CODE_SIGN_STYLE = Automatic;
				CURRENT_PROJECT_VERSION = 1;
				GENERATE_INFOPLIST_FILE = YES;
				IPHONEOS_DEPLOYMENT_TARGET = 16.4;
				MARKETING_VERSION = 1.0;
				PRODUCT_BUNDLE_IDENTIFIER = makers.swiftToDoTests;
				PRODUCT_NAME = "$(TARGET_NAME)";
				SWIFT_EMIT_LOC_STRINGS = NO;
				SWIFT_VERSION = 5.0;
				TARGETED_DEVICE_FAMILY = "1,2";
				TEST_HOST = "$(BUILT_PRODUCTS_DIR)/swiftToDo.app/$(BUNDLE_EXECUTABLE_FOLDER_PATH)/swiftToDo";
			};
			name = Release;
		};
		C7979C512ACD6D86008A1ED7 /* Debug */ = {
			isa = XCBuildConfiguration;
			buildSettings = {
				ALWAYS_EMBED_SWIFT_STANDARD_LIBRARIES = YES;
				CODE_SIGN_STYLE = Automatic;
				CURRENT_PROJECT_VERSION = 1;
				GENERATE_INFOPLIST_FILE = YES;
				MARKETING_VERSION = 1.0;
				PRODUCT_BUNDLE_IDENTIFIER = makers.swiftToDoUITests;
				PRODUCT_NAME = "$(TARGET_NAME)";
				SWIFT_EMIT_LOC_STRINGS = NO;
				SWIFT_VERSION = 5.0;
				TARGETED_DEVICE_FAMILY = "1,2";
				TEST_TARGET_NAME = swiftToDo;
			};
			name = Debug;
		};
		C7979C522ACD6D86008A1ED7 /* Release */ = {
			isa = XCBuildConfiguration;
			buildSettings = {
				ALWAYS_EMBED_SWIFT_STANDARD_LIBRARIES = YES;
				CODE_SIGN_STYLE = Automatic;
				CURRENT_PROJECT_VERSION = 1;
				GENERATE_INFOPLIST_FILE = YES;
				MARKETING_VERSION = 1.0;
				PRODUCT_BUNDLE_IDENTIFIER = makers.swiftToDoUITests;
				PRODUCT_NAME = "$(TARGET_NAME)";
				SWIFT_EMIT_LOC_STRINGS = NO;
				SWIFT_VERSION = 5.0;
				TARGETED_DEVICE_FAMILY = "1,2";
				TEST_TARGET_NAME = swiftToDo;
			};
			name = Release;
		};
/* End XCBuildConfiguration section */

/* Begin XCConfigurationList section */
		C7979C212ACD6D84008A1ED7 /* Build configuration list for PBXProject "swiftToDo" */ = {
			isa = XCConfigurationList;
			buildConfigurations = (
				C7979C482ACD6D86008A1ED7 /* Debug */,
				C7979C492ACD6D86008A1ED7 /* Release */,
			);
			defaultConfigurationIsVisible = 0;
			defaultConfigurationName = Release;
		};
		C7979C4A2ACD6D86008A1ED7 /* Build configuration list for PBXNativeTarget "swiftToDo" */ = {
			isa = XCConfigurationList;
			buildConfigurations = (
				C7979C4B2ACD6D86008A1ED7 /* Debug */,
				C7979C4C2ACD6D86008A1ED7 /* Release */,
			);
			defaultConfigurationIsVisible = 0;
			defaultConfigurationName = Release;
		};
		C7979C4D2ACD6D86008A1ED7 /* Build configuration list for PBXNativeTarget "swiftToDoTests" */ = {
			isa = XCConfigurationList;
			buildConfigurations = (
				C7979C4E2ACD6D86008A1ED7 /* Debug */,
				C7979C4F2ACD6D86008A1ED7 /* Release */,
			);
			defaultConfigurationIsVisible = 0;
			defaultConfigurationName = Release;
		};
		C7979C502ACD6D86008A1ED7 /* Build configuration list for PBXNativeTarget "swiftToDoUITests" */ = {
			isa = XCConfigurationList;
			buildConfigurations = (
				C7979C512ACD6D86008A1ED7 /* Debug */,
				C7979C522ACD6D86008A1ED7 /* Release */,
			);
			defaultConfigurationIsVisible = 0;
			defaultConfigurationName = Release;
		};
/* End XCConfigurationList section */
	};
	rootObject = C7979C1E2ACD6D84008A1ED7 /* Project object */;
}
